
Microsoft Visual Studio Solution File, Format Version 12.00
# Visual Studio Version 17
VisualStudioVersion = 17.11.35327.3
MinimumVisualStudioVersion = 10.0.40219.1
Project("{FAE04EC0-301F-11D3-BF4B-00C04F79EFBC}") = "Task", "Task\Task.csproj", "{45710F52-FA03-41B8-8FC9-5E687039087E}"
EndProject
Global
	GlobalSection(SolutionConfigurationPlatforms) = preSolution
		Debug|Any CPU = Debug|Any CPU
		Release|Any CPU = Release|Any CPU
	EndGlobalSection
	GlobalSection(ProjectConfigurationPlatforms) = postSolution
		{45710F52-FA03-41B8-8FC9-5E687039087E}.Debug|Any CPU.ActiveCfg = Debug|Any CPU
		{45710F52-FA03-41B8-8FC9-5E687039087E}.Debug|Any CPU.Build.0 = Debug|Any CPU
		{45710F52-FA03-41B8-8FC9-5E687039087E}.Release|Any CPU.ActiveCfg = Release|Any CPU
		{45710F52-FA03-41B8-8FC9-5E687039087E}.Release|Any CPU.Build.0 = Release|Any CPU
	EndGlobalSection
	GlobalSection(SolutionProperties) = preSolution
		HideSolutionNode = FALSE
	EndGlobalSection
	GlobalSection(ExtensibilityGlobals) = postSolution
		SolutionGuid = {FFE066A1-A92B-44A3-8CCA-2D7F721F5A7A}
	EndGlobalSection
EndGlobal
